<Solution>
  <Project Path="DTCMKEMG.BusinessLogic/DTCMKEMG.BusinessLogic.csproj" Id="b2b4824e-9b5f-4b12-ab8b-137563851b96" />
  <Project Path="DTCMKEMG.DataAccess/DTCMKEMG.DataAccess.csproj" Id="9c124695-9a8f-4ade-bd84-8302e70423a2" />
  <Project Path="DTCMKEMG.Entities/DTCMKEMG.Entities.csproj" Id="b7dd1643-f124-459a-8543-44df1384ca46" />
  <Project Path="DTCMKEMG.WebApplication/DTCMKEMG.WebApplication.csproj" Id="736b796a-d416-4d42-a645-6bbc9efe0139" />
</Solution>
